
Microsoft Visual Studio Solution File, Format Version 12.00
# Visual Studio Version 17
VisualStudioVersion = 17.8.34525.116
MinimumVisualStudioVersion = 10.0.40219.1
Project("{9A19103F-16F7-4668-BE54-9A1E7A4F7556}") = "Domain", "Domain\Domain.csproj", "{30DE4152-A653-4D66-AF17-95770FE1849A}"
EndProject
Project("{9A19103F-16F7-4668-BE54-9A1E7A4F7556}") = "Application", "Application\Application.csproj", "{0ECACE01-496A-4577-B996-74F2E165B06F}"
EndProject
Project("{9A19103F-16F7-4668-BE54-9A1E7A4F7556}") = "Infrastructure", "Infrastructure\Infrastructure.csproj", "{BA339BC0-07AF-4CA7-9D4D-A7CB20FB33AA}"
EndProject
Project("{9A19103F-16F7-4668-BE54-9A1E7A4F7556}") = "Persistence", "Persistence\Persistence.csproj", "{107E7650-DB29-40D1-BA09-4A99F323A325}"
EndProject
Project("{2150E333-8FDC-42A3-9474-1A3956D46DE8}") = "Backend", "Backend", "{71D8531D-5E88-44F4-BADD-7AE18B896A71}"
EndProject
Project("{2150E333-8FDC-42A3-9474-1A3956D46DE8}") = "Frontend", "Frontend", "{80E35E24-68A4-4E05-8DB0-F34C2CC4320A}"
EndProject
Project("{FAE04EC0-301F-11D3-BF4B-00C04F79EFBC}") = "BlazorWebAssembly", "BlazorWebAssembly\BlazorWebAssembly.csproj", "{ED583060-5F0E-4575-8D46-E9DE48CC4AE6}"
EndProject
Project("{FAE04EC0-301F-11D3-BF4B-00C04F79EFBC}") = "API", "API\API.csproj", "{EF1057E1-9EF1-4810-87B3-8FBEA734D6F6}"
EndProject
Global
	GlobalSection(SolutionConfigurationPlatforms) = preSolution
		Debug|Any CPU = Debug|Any CPU
		Release|Any CPU = Release|Any CPU
	EndGlobalSection
	GlobalSection(ProjectConfigurationPlatforms) = postSolution
		{30DE4152-A653-4D66-AF17-95770FE1849A}.Debug|Any CPU.ActiveCfg = Debug|Any CPU
		{30DE4152-A653-4D66-AF17-95770FE1849A}.Debug|Any CPU.Build.0 = Debug|Any CPU
		{30DE4152-A653-4D66-AF17-95770FE1849A}.Release|Any CPU.ActiveCfg = Release|Any CPU
		{30DE4152-A653-4D66-AF17-95770FE1849A}.Release|Any CPU.Build.0 = Release|Any CPU
		{0ECACE01-496A-4577-B996-74F2E165B06F}.Debug|Any CPU.ActiveCfg = Debug|Any CPU
		{0ECACE01-496A-4577-B996-74F2E165B06F}.Debug|Any CPU.Build.0 = Debug|Any CPU
		{0ECACE01-496A-4577-B996-74F2E165B06F}.Release|Any CPU.ActiveCfg = Release|Any CPU
		{0ECACE01-496A-4577-B996-74F2E165B06F}.Release|Any CPU.Build.0 = Release|Any CPU
		{BA339BC0-07AF-4CA7-9D4D-A7CB20FB33AA}.Debug|Any CPU.ActiveCfg = Debug|Any CPU
		{BA339BC0-07AF-4CA7-9D4D-A7CB20FB33AA}.Debug|Any CPU.Build.0 = Debug|Any CPU
		{BA339BC0-07AF-4CA7-9D4D-A7CB20FB33AA}.Release|Any CPU.ActiveCfg = Release|Any CPU
		{BA339BC0-07AF-4CA7-9D4D-A7CB20FB33AA}.Release|Any CPU.Build.0 = Release|Any CPU
		{107E7650-DB29-40D1-BA09-4A99F323A325}.Debug|Any CPU.ActiveCfg = Debug|Any CPU
		{107E7650-DB29-40D1-BA09-4A99F323A325}.Debug|Any CPU.Build.0 = Debug|Any CPU
		{107E7650-DB29-40D1-BA09-4A99F323A325}.Release|Any CPU.ActiveCfg = Release|Any CPU
		{107E7650-DB29-40D1-BA09-4A99F323A325}.Release|Any CPU.Build.0 = Release|Any CPU
		{ED583060-5F0E-4575-8D46-E9DE48CC4AE6}.Debug|Any CPU.ActiveCfg = Debug|Any CPU
		{ED583060-5F0E-4575-8D46-E9DE48CC4AE6}.Debug|Any CPU.Build.0 = Debug|Any CPU
		{ED583060-5F0E-4575-8D46-E9DE48CC4AE6}.Release|Any CPU.ActiveCfg = Release|Any CPU
		{ED583060-5F0E-4575-8D46-E9DE48CC4AE6}.Release|Any CPU.Build.0 = Release|Any CPU
		{EF1057E1-9EF1-4810-87B3-8FBEA734D6F6}.Debug|Any CPU.ActiveCfg = Debug|Any CPU
		{EF1057E1-9EF1-4810-87B3-8FBEA734D6F6}.Debug|Any CPU.Build.0 = Debug|Any CPU
		{EF1057E1-9EF1-4810-87B3-8FBEA734D6F6}.Release|Any CPU.ActiveCfg = Release|Any CPU
		{EF1057E1-9EF1-4810-87B3-8FBEA734D6F6}.Release|Any CPU.Build.0 = Release|Any CPU
	EndGlobalSection
	GlobalSection(SolutionProperties) = preSolution
		HideSolutionNode = FALSE
	EndGlobalSection
	GlobalSection(NestedProjects) = preSolution
		{30DE4152-A653-4D66-AF17-95770FE1849A} = {71D8531D-5E88-44F4-BADD-7AE18B896A71}
		{0ECACE01-496A-4577-B996-74F2E165B06F} = {71D8531D-5E88-44F4-BADD-7AE18B896A71}
		{BA339BC0-07AF-4CA7-9D4D-A7CB20FB33AA} = {71D8531D-5E88-44F4-BADD-7AE18B896A71}
		{107E7650-DB29-40D1-BA09-4A99F323A325} = {71D8531D-5E88-44F4-BADD-7AE18B896A71}
		{ED583060-5F0E-4575-8D46-E9DE48CC4AE6} = {80E35E24-68A4-4E05-8DB0-F34C2CC4320A}
		{EF1057E1-9EF1-4810-87B3-8FBEA734D6F6} = {71D8531D-5E88-44F4-BADD-7AE18B896A71}
	EndGlobalSection
	GlobalSection(ExtensibilityGlobals) = postSolution
		SolutionGuid = {77FB5A70-73F6-447B-A022-F79D91AD226B}
	EndGlobalSection
EndGlobal
